Microsoft Visual Studio Solution File, Format Version 12.00
# Visual Studio Version 17
VisualStudioVersion = 17.5.2.0
MinimumVisualStudioVersion = 10.0.40219.1
Project("{FAE04EC0-301F-11D3-BF4B-00C04F79EFBC}") = "ReceitasApp", "ReceitasApp\ReceitasApp.csproj", "{F1E5D228-7B76-6A91-1AB5-5A1E9B0EFF8C}"
EndProject
Global
	GlobalSection(SolutionConfigurationPlatforms) = preSolution
		Debug|Any CPU = Debug|Any CPU
		Release|Any CPU = Release|Any CPU
	EndGlobalSection
	GlobalSection(ProjectConfigurationPlatforms) = postSolution
		{F1E5D228-7B76-6A91-1AB5-5A1E9B0EFF8C}.Debug|Any CPU.ActiveCfg = Debug|Any CPU
		{F1E5D228-7B76-6A91-1AB5-5A1E9B0EFF8C}.Debug|Any CPU.Build.0 = Debug|Any CPU
		{F1E5D228-7B76-6A91-1AB5-5A1E9B0EFF8C}.Release|Any CPU.ActiveCfg = Release|Any CPU
		{F1E5D228-7B76-6A91-1AB5-5A1E9B0EFF8C}.Release|Any CPU.Build.0 = Release|Any CPU
	EndGlobalSection
	GlobalSection(SolutionProperties) = preSolution
		HideSolutionNode = FALSE
	EndGlobalSection
	GlobalSection(ExtensibilityGlobals) = postSolution
		SolutionGuid = {E0A19704-BC39-4D9C-B508-F796E5703BD0}
	EndGlobalSection
EndGlobal
